
Microsoft Visual Studio Solution File, Format Version 12.00
# Visual Studio Version 16
VisualStudioVersion = 16.0.34729.46
MinimumVisualStudioVersion = 10.0.40219.1
Project("{8BC9CEB8-8B4A-11D0-8D11-00A0C91BC942}") = "lab16_Onatsky", "lab16_Onatsky\lab16_Onatsky.vcxproj", "{0D429C0B-D225-45A8-9C7A-A6B1A5512ED1}"
EndProject
Global
	GlobalSection(SolutionConfigurationPlatforms) = preSolution
		Debug|x64 = Debug|x64
		Debug|x86 = Debug|x86
		Release|x64 = Release|x64
		Release|x86 = Release|x86
	EndGlobalSection
	GlobalSection(ProjectConfigurationPlatforms) = postSolution
		{0D429C0B-D225-45A8-9C7A-A6B1A5512ED1}.Debug|x64.ActiveCfg = Debug|x64
		{0D429C0B-D225-45A8-9C7A-A6B1A5512ED1}.Debug|x64.Build.0 = Debug|x64
		{0D429C0B-D225-45A8-9C7A-A6B1A5512ED1}.Debug|x86.ActiveCfg = Debug|Win32
		{0D429C0B-D225-45A8-9C7A-A6B1A5512ED1}.Debug|x86.Build.0 = Debug|Win32
		{0D429C0B-D225-45A8-9C7A-A6B1A5512ED1}.Release|x64.ActiveCfg = Release|x64
		{0D429C0B-D225-45A8-9C7A-A6B1A5512ED1}.Release|x64.Build.0 = Release|x64
		{0D429C0B-D225-45A8-9C7A-A6B1A5512ED1}.Release|x86.ActiveCfg = Release|Win32
		{0D429C0B-D225-45A8-9C7A-A6B1A5512ED1}.Release|x86.Build.0 = Release|Win32
	EndGlobalSection
	GlobalSection(SolutionProperties) = preSolution
		HideSolutionNode = FALSE
	EndGlobalSection
	GlobalSection(ExtensibilityGlobals) = postSolution
		SolutionGuid = {5638686D-BF12-49A2-9B81-58E61ADE63D3}
	EndGlobalSection
EndGlobal
